// !$*UTF8*$!
{
	archiveVersion = 1;
	classes = {
	};
	objectVersion = 50;
	objects = {

/* Begin PBXBuildFile section */
		40072456214008D9002171C2 /* NewsService.swift in Sources */ = {isa = PBXBuildFile; fileRef = 40072455214008D9002171C2 /* NewsService.swift */; };
		403F0C1C213D02190098FFE2 /* AppDelegate.swift in Sources */ = {isa = PBXBuildFile; fileRef = 403F0C1B213D02190098FFE2 /* AppDelegate.swift */; };
		403F0C21213D02190098FFE2 /* Main.storyboard in Resources */ = {isa = PBXBuildFile; fileRef = 403F0C1F213D02190098FFE2 /* Main.storyboard */; };
		403F0C23213D021C0098FFE2 /* Assets.xcassets in Resources */ = {isa = PBXBuildFile; fileRef = 403F0C22213D021C0098FFE2 /* Assets.xcassets */; };
		403F0C26213D021C0098FFE2 /* LaunchScreen.storyboard in Resources */ = {isa = PBXBuildFile; fileRef = 403F0C24213D021C0098FFE2 /* LaunchScreen.storyboard */; };
		403F0C35213D03BA0098FFE2 /* NewsCell.swift in Sources */ = {isa = PBXBuildFile; fileRef = 403F0C34213D03BA0098FFE2 /* NewsCell.swift */; };
		403F0C37213D040E0098FFE2 /* ArticleViewController.swift in Sources */ = {isa = PBXBuildFile; fileRef = 403F0C36213D040E0098FFE2 /* ArticleViewController.swift */; };
		403F0C39213D0A420098FFE2 /* Article.swift in Sources */ = {isa = PBXBuildFile; fileRef = 403F0C38213D0A420098FFE2 /* Article.swift */; };
		403F0C3B213D0A6C0098FFE2 /* News.swift in Sources */ = {isa = PBXBuildFile; fileRef = 403F0C3A213D0A6C0098FFE2 /* News.swift */; };
		403F0C3F213D0E2F0098FFE2 /* WebService.swift in Sources */ = {isa = PBXBuildFile; fileRef = 403F0C3E213D0E2F0098FFE2 /* WebService.swift */; };
		403F0C41213D613F0098FFE2 /* DateFormatService.swift in Sources */ = {isa = PBXBuildFile; fileRef = 403F0C40213D613F0098FFE2 /* DateFormatService.swift */; };
		40BC8C4F2147BB0900D4B1E6 /* NewsViewController.swift in Sources */ = {isa = PBXBuildFile; fileRef = 40BC8C4E2147BB0900D4B1E6 /* NewsViewController.swift */; };
		40D6A78A21426B5900878A45 /* MosaicLayout.swift in Sources */ = {isa = PBXBuildFile; fileRef = 40D6A78921426B5900878A45 /* MosaicLayout.swift */; };
		40DC36842140F6EC000C599C /* WebViewController.swift in Sources */ = {isa = PBXBuildFile; fileRef = 40DC36832140F6EC000C599C /* WebViewController.swift */; };
		40EF515F213E8F2A0018E75A /* CoreDataStack.swift in Sources */ = {isa = PBXBuildFile; fileRef = 40EF515E213E8F2A0018E75A /* CoreDataStack.swift */; };
		40EF5161213E8F380018E75A /* CoreDataManager.swift in Sources */ = {isa = PBXBuildFile; fileRef = 40EF5160213E8F380018E75A /* CoreDataManager.swift */; };
		40EF5172213E94100018E75A /* NewsDataModel.xcdatamodeld in Sources */ = {isa = PBXBuildFile; fileRef = 40EF5170213E94100018E75A /* NewsDataModel.xcdatamodeld */; };
		40EF5179213E949C0018E75A /* ArticleEntity+CoreDataClass.swift in Sources */ = {isa = PBXBuildFile; fileRef = 40EF5177213E949C0018E75A /* ArticleEntity+CoreDataClass.swift */; };
		40EF517A213E949C0018E75A /* ArticleEntity+CoreDataProperties.swift in Sources */ = {isa = PBXBuildFile; fileRef = 40EF5178213E949C0018E75A /* ArticleEntity+CoreDataProperties.swift */; };
		784ED4C257951FFC5E817AEB /* Pods_News.framework in Frameworks */ = {isa = PBXBuildFile; fileRef = 84ED085739B8A2DE94ABBAA0 /* Pods_News.framework */; };
		D1139FEC2195B6A600CD515D /* NewNewsTableViewController.swift in Sources */ = {isa = PBXBuildFile; fileRef = D1139FEB2195B6A600CD515D /* NewNewsTableViewController.swift */; };
		D163B95A21747B4200E9A009 /* SortService.swift in Sources */ = {isa = PBXBuildFile; fileRef = D163B95921747B4200E9A009 /* SortService.swift */; };
		D193E89D21AD436B0076DD65 /* ArticlePreviewView.xib in Resources */ = {isa = PBXBuildFile; fileRef = D193E89C21AD436B0076DD65 /* ArticlePreviewView.xib */; };
		D194EC6F21B7F44700872DBD /* PreviewService.swift in Sources */ = {isa = PBXBuildFile; fileRef = D194EC6E21B7F44700872DBD /* PreviewService.swift */; };
		D19AD496219ECF5F00E6073E /* NewsTableViewDelegate.swift in Sources */ = {isa = PBXBuildFile; fileRef = D19AD495219ECF5F00E6073E /* NewsTableViewDelegate.swift */; };
		D19AD498219ECF8900E6073E /* NewsDataSource.swift in Sources */ = {isa = PBXBuildFile; fileRef = D19AD497219ECF8900E6073E /* NewsDataSource.swift */; };
		D1A0C5FC21B14E9200539C03 /* ArticlePreviewViewController.xib in Resources */ = {isa = PBXBuildFile; fileRef = D1A0C5FB21B14E9200539C03 /* ArticlePreviewViewController.xib */; };
		D1AF83E8219AC11C003AD979 /* NewsObject.swift in Sources */ = {isa = PBXBuildFile; fileRef = D1AF83E7219AC11C003AD979 /* NewsObject.swift */; };
		D1B09F412164B88400AE53F3 /* NewsTests.swift in Sources */ = {isa = PBXBuildFile; fileRef = D1B09F402164B88400AE53F3 /* NewsTests.swift */; };
		D1D971B4219080EA0072D636 /* NewsTableViewController.swift in Sources */ = {isa = PBXBuildFile; fileRef = D1D971B3219080E90072D636 /* NewsTableViewController.swift */; };
		D1D971B6219083740072D636 /* TableNewsCell.swift in Sources */ = {isa = PBXBuildFile; fileRef = D1D971B5219083740072D636 /* TableNewsCell.swift */; };
		D1E3320021AD6A690016BB50 /* ArticlePreviewView.swift in Sources */ = {isa = PBXBuildFile; fileRef = D1E331FF21AD6A690016BB50 /* ArticlePreviewView.swift */; };
		D1E3320221AE90D20016BB50 /* ArticlePreviewViewController.swift in Sources */ = {isa = PBXBuildFile; fileRef = D1E3320121AE90D20016BB50 /* ArticlePreviewViewController.swift */; };
		D1EC4A1121D4B50800146C84 /* DataSourceService.swift in Sources */ = {isa = PBXBuildFile; fileRef = D1EC4A1021D4B50800146C84 /* DataSourceService.swift */; };
		D1F0BCBC21C8F45800113F83 /* NewsCellViewModel.swift in Sources */ = {isa = PBXBuildFile; fileRef = D1F0BCBB21C8F45800113F83 /* NewsCellViewModel.swift */; };
		D1F0BCC021C921C900113F83 /* NewNewsTableViewModel.swift in Sources */ = {isa = PBXBuildFile; fileRef = D1F0BCBF21C921C900113F83 /* NewNewsTableViewModel.swift */; };
		D1F0BCC221CA29F800113F83 /* ArticleViewModel.swift in Sources */ = {isa = PBXBuildFile; fileRef = D1F0BCC121CA29F800113F83 /* ArticleViewModel.swift */; };
		D1F0BCD021CBA15F00113F83 /* ArticleViewRouter.swift in Sources */ = {isa = PBXBuildFile; fileRef = D1F0BCCF21CBA15F00113F83 /* ArticleViewRouter.swift */; };
		D1F0BCD321CCC45C00113F83 /* Router.swift in Sources */ = {isa = PBXBuildFile; fileRef = D1F0BCD221CCC45C00113F83 /* Router.swift */; };
		D1F0BCD721CD1BA200113F83 /* NewsTableViewControllerRouter.swift in Sources */ = {isa = PBXBuildFile; fileRef = D1F0BCD621CD1BA200113F83 /* NewsTableViewControllerRouter.swift */; };
		D1F0BCD921CD228A00113F83 /* StubArticle.swift in Sources */ = {isa = PBXBuildFile; fileRef = D1F0BCD821CD228A00113F83 /* StubArticle.swift */; };
		D1F0BCDE21CE12AB00113F83 /* StubService.swift in Sources */ = {isa = PBXBuildFile; fileRef = D1F0BCDD21CE12AB00113F83 /* StubService.swift */; };
		D1F0BCE521CE319D00113F83 /* ArticleModel.swift in Sources */ = {isa = PBXBuildFile; fileRef = D1F0BCE421CE319D00113F83 /* ArticleModel.swift */; };
		D1F0BCE721CE31A500113F83 /* NewsServiceProtocol.swift in Sources */ = {isa = PBXBuildFile; fileRef = D1F0BCE621CE31A500113F83 /* NewsServiceProtocol.swift */; };
		D1FC94D9219D6730000BE216 /* SectionHeader.swift in Sources */ = {isa = PBXBuildFile; fileRef = D1FC94D8219D6730000BE216 /* SectionHeader.swift */; };
		D1FC94DB219D675C000BE216 /* SectionHeader.xib in Resources */ = {isa = PBXBuildFile; fileRef = D1FC94DA219D675C000BE216 /* SectionHeader.xib */; };
		D1FC94DE219D6F69000BE216 /* SectionFooter.swift in Sources */ = {isa = PBXBuildFile; fileRef = D1FC94DD219D6F69000BE216 /* SectionFooter.swift */; };
		D1FC94E0219D7016000BE216 /* SectionFooter.xib in Resources */ = {isa = PBXBuildFile; fileRef = D1FC94DF219D7016000BE216 /* SectionFooter.xib */; };
		D1FD003121DCF96400E6D6E0 /* ArticleViewController.xib in Resources */ = {isa = PBXBuildFile; fileRef = D1FD003021DCF96400E6D6E0 /* ArticleViewController.xib */; };
/* End PBXBuildFile section */

/* Begin PBXContainerItemProxy section */
		D1B09F432164B88400AE53F3 /* PBXContainerItemProxy */ = {
			isa = PBXContainerItemProxy;
			containerPortal = 403F0C10213D02190098FFE2 /* Project object */;
			proxyType = 1;
			remoteGlobalIDString = 403F0C17213D02190098FFE2;
			remoteInfo = News;
		};
/* End PBXContainerItemProxy section */

/* Begin PBXFileReference section */
		07F2B8C1DEA9B3A1823468A8 /* Pods-News.debug.xcconfig */ = {isa = PBXFileReference; includeInIndex = 1; lastKnownFileType = text.xcconfig; name = "Pods-News.debug.xcconfig"; path = "Pods/Target Support Files/Pods-News/Pods-News.debug.xcconfig"; sourceTree = "<group>"; };
		40072455214008D9002171C2 /* NewsService.swift */ = {isa = PBXFileReference; lastKnownFileType = sourcecode.swift; path = NewsService.swift; sourceTree = "<group>"; };
		403F0C18213D02190098FFE2 /* News.app */ = {isa = PBXFileReference; explicitFileType = wrapper.application; includeInIndex = 0; path = News.app; sourceTree = BUILT_PRODUCTS_DIR; };
		403F0C1B213D02190098FFE2 /* AppDelegate.swift */ = {isa = PBXFileReference; lastKnownFileType = sourcecode.swift; path = AppDelegate.swift; sourceTree = "<group>"; };
		403F0C20213D02190098FFE2 /* Base */ = {isa = PBXFileReference; lastKnownFileType = file.storyboard; name = Base; path = Base.lproj/Main.storyboard; sourceTree = "<group>"; };
		403F0C22213D021C0098FFE2 /* Assets.xcassets */ = {isa = PBXFileReference; lastKnownFileType = folder.assetcatalog; path = Assets.xcassets; sourceTree = "<group>"; };
		403F0C25213D021C0098FFE2 /* Base */ = {isa = PBXFileReference; lastKnownFileType = file.storyboard; name = Base; path = Base.lproj/LaunchScreen.storyboard; sourceTree = "<group>"; };
		403F0C27213D021C0098FFE2 /* Info.plist */ = {isa = PBXFileReference; lastKnownFileType = text.plist.xml; path = Info.plist; sourceTree = "<group>"; };
		403F0C34213D03BA0098FFE2 /* NewsCell.swift */ = {isa = PBXFileReference; lastKnownFileType = sourcecode.swift; path = NewsCell.swift; sourceTree = "<group>"; };
		403F0C36213D040E0098FFE2 /* ArticleViewController.swift */ = {isa = PBXFileReference; lastKnownFileType = sourcecode.swift; path = ArticleViewController.swift; sourceTree = "<group>"; };
		403F0C38213D0A420098FFE2 /* Article.swift */ = {isa = PBXFileReference; lastKnownFileType = sourcecode.swift; path = Article.swift; sourceTree = "<group>"; };
		403F0C3A213D0A6C0098FFE2 /* News.swift */ = {isa = PBXFileReference; lastKnownFileType = sourcecode.swift; path = News.swift; sourceTree = "<group>"; };
		403F0C3E213D0E2F0098FFE2 /* WebService.swift */ = {isa = PBXFileReference; lastKnownFileType = sourcecode.swift; path = WebService.swift; sourceTree = "<group>"; };
		403F0C40213D613F0098FFE2 /* DateFormatService.swift */ = {isa = PBXFileReference; lastKnownFileType = sourcecode.swift; path = DateFormatService.swift; sourceTree = "<group>"; };
		40BC8C4E2147BB0900D4B1E6 /* NewsViewController.swift */ = {isa = PBXFileReference; lastKnownFileType = sourcecode.swift; path = NewsViewController.swift; sourceTree = "<group>"; };
		40D6A78921426B5900878A45 /* MosaicLayout.swift */ = {isa = PBXFileReference; lastKnownFileType = sourcecode.swift; path = MosaicLayout.swift; sourceTree = "<group>"; };
		40DC36832140F6EC000C599C /* WebViewController.swift */ = {isa = PBXFileReference; lastKnownFileType = sourcecode.swift; path = WebViewController.swift; sourceTree = "<group>"; };
		40EF515E213E8F2A0018E75A /* CoreDataStack.swift */ = {isa = PBXFileReference; lastKnownFileType = sourcecode.swift; path = CoreDataStack.swift; sourceTree = "<group>"; };
		40EF5160213E8F380018E75A /* CoreDataManager.swift */ = {isa = PBXFileReference; lastKnownFileType = sourcecode.swift; path = CoreDataManager.swift; sourceTree = "<group>"; };
		40EF5171213E94100018E75A /* NewsDataModel.xcdatamodel */ = {isa = PBXFileReference; lastKnownFileType = wrapper.xcdatamodel; path = NewsDataModel.xcdatamodel; sourceTree = "<group>"; };
		40EF5177213E949C0018E75A /* ArticleEntity+CoreDataClass.swift */ = {isa = PBXFileReference; lastKnownFileType = sourcecode.swift; path = "ArticleEntity+CoreDataClass.swift"; sourceTree = "<group>"; };
		40EF5178213E949C0018E75A /* ArticleEntity+CoreDataProperties.swift */ = {isa = PBXFileReference; lastKnownFileType = sourcecode.swift; path = "ArticleEntity+CoreDataProperties.swift"; sourceTree = "<group>"; };
		60688CF83DDEDC4C006EA48E /* Pods-News.release.xcconfig */ = {isa = PBXFileReference; includeInIndex = 1; lastKnownFileType = text.xcconfig; name = "Pods-News.release.xcconfig"; path = "Pods/Target Support Files/Pods-News/Pods-News.release.xcconfig"; sourceTree = "<group>"; };
		84ED085739B8A2DE94ABBAA0 /* Pods_News.framework */ = {isa = PBXFileReference; explicitFileType = wrapper.framework; includeInIndex = 0; path = Pods_News.framework; sourceTree = BUILT_PRODUCTS_DIR; };
		D1139FEB2195B6A600CD515D /* NewNewsTableViewController.swift */ = {isa = PBXFileReference; lastKnownFileType = sourcecode.swift; path = NewNewsTableViewController.swift; sourceTree = "<group>"; };
		D163B95921747B4200E9A009 /* SortService.swift */ = {isa = PBXFileReference; lastKnownFileType = sourcecode.swift; path = SortService.swift; sourceTree = "<group>"; };
		D193E89C21AD436B0076DD65 /* ArticlePreviewView.xib */ = {isa = PBXFileReference; lastKnownFileType = file.xib; path = ArticlePreviewView.xib; sourceTree = "<group>"; };
		D194EC6E21B7F44700872DBD /* PreviewService.swift */ = {isa = PBXFileReference; lastKnownFileType = sourcecode.swift; path = PreviewService.swift; sourceTree = "<group>"; };
		D19AD495219ECF5F00E6073E /* NewsTableViewDelegate.swift */ = {isa = PBXFileReference; lastKnownFileType = sourcecode.swift; path = NewsTableViewDelegate.swift; sourceTree = "<group>"; };
		D19AD497219ECF8900E6073E /* NewsDataSource.swift */ = {isa = PBXFileReference; lastKnownFileType = sourcecode.swift; path = NewsDataSource.swift; sourceTree = "<group>"; };
		D1A0C5FB21B14E9200539C03 /* ArticlePreviewViewController.xib */ = {isa = PBXFileReference; lastKnownFileType = file.xib; path = ArticlePreviewViewController.xib; sourceTree = "<group>"; };
		D1AF83E7219AC11C003AD979 /* NewsObject.swift */ = {isa = PBXFileReference; lastKnownFileType = sourcecode.swift; path = NewsObject.swift; sourceTree = "<group>"; };
		D1B09F3E2164B88400AE53F3 /* NewsTests.xctest */ = {isa = PBXFileReference; explicitFileType = wrapper.cfbundle; includeInIndex = 0; path = NewsTests.xctest; sourceTree = BUILT_PRODUCTS_DIR; };
		D1B09F402164B88400AE53F3 /* NewsTests.swift */ = {isa = PBXFileReference; lastKnownFileType = sourcecode.swift; path = NewsTests.swift; sourceTree = "<group>"; };
		D1B09F422164B88400AE53F3 /* Info.plist */ = {isa = PBXFileReference; lastKnownFileType = text.plist.xml; path = Info.plist; sourceTree = "<group>"; };
		D1D971B3219080E90072D636 /* NewsTableViewController.swift */ = {isa = PBXFileReference; lastKnownFileType = sourcecode.swift; path = NewsTableViewController.swift; sourceTree = "<group>"; };
		D1D971B5219083740072D636 /* TableNewsCell.swift */ = {isa = PBXFileReference; lastKnownFileType = sourcecode.swift; path = TableNewsCell.swift; sourceTree = "<group>"; };
		D1E331FF21AD6A690016BB50 /* ArticlePreviewView.swift */ = {isa = PBXFileReference; lastKnownFileType = sourcecode.swift; path = ArticlePreviewView.swift; sourceTree = "<group>"; };
		D1E3320121AE90D20016BB50 /* ArticlePreviewViewController.swift */ = {isa = PBXFileReference; lastKnownFileType = sourcecode.swift; path = ArticlePreviewViewController.swift; sourceTree = "<group>"; };
		D1EC4A1021D4B50800146C84 /* DataSourceService.swift */ = {isa = PBXFileReference; lastKnownFileType = sourcecode.swift; path = DataSourceService.swift; sourceTree = "<group>"; };
		D1F0BCBB21C8F45800113F83 /* NewsCellViewModel.swift */ = {isa = PBXFileReference; lastKnownFileType = sourcecode.swift; path = NewsCellViewModel.swift; sourceTree = "<group>"; };
		D1F0BCBF21C921C900113F83 /* NewNewsTableViewModel.swift */ = {isa = PBXFileReference; lastKnownFileType = sourcecode.swift; path = NewNewsTableViewModel.swift; sourceTree = "<group>"; };
		D1F0BCC121CA29F800113F83 /* ArticleViewModel.swift */ = {isa = PBXFileReference; lastKnownFileType = sourcecode.swift; path = ArticleViewModel.swift; sourceTree = "<group>"; };
		D1F0BCCF21CBA15F00113F83 /* ArticleViewRouter.swift */ = {isa = PBXFileReference; lastKnownFileType = sourcecode.swift; path = ArticleViewRouter.swift; sourceTree = "<group>"; };
		D1F0BCD221CCC45C00113F83 /* Router.swift */ = {isa = PBXFileReference; lastKnownFileType = sourcecode.swift; path = Router.swift; sourceTree = "<group>"; };
		D1F0BCD621CD1BA200113F83 /* NewsTableViewControllerRouter.swift */ = {isa = PBXFileReference; lastKnownFileType = sourcecode.swift; path = NewsTableViewControllerRouter.swift; sourceTree = "<group>"; };
		D1F0BCD821CD228A00113F83 /* StubArticle.swift */ = {isa = PBXFileReference; lastKnownFileType = sourcecode.swift; path = StubArticle.swift; sourceTree = "<group>"; };
		D1F0BCDD21CE12AB00113F83 /* StubService.swift */ = {isa = PBXFileReference; lastKnownFileType = sourcecode.swift; path = StubService.swift; sourceTree = "<group>"; };
		D1F0BCE421CE319D00113F83 /* ArticleModel.swift */ = {isa = PBXFileReference; lastKnownFileType = sourcecode.swift; path = ArticleModel.swift; sourceTree = "<group>"; };
		D1F0BCE621CE31A500113F83 /* NewsServiceProtocol.swift */ = {isa = PBXFileReference; lastKnownFileType = sourcecode.swift; path = NewsServiceProtocol.swift; sourceTree = "<group>"; };
		D1FC94D8219D6730000BE216 /* SectionHeader.swift */ = {isa = PBXFileReference; lastKnownFileType = sourcecode.swift; path = SectionHeader.swift; sourceTree = "<group>"; };
		D1FC94DA219D675C000BE216 /* SectionHeader.xib */ = {isa = PBXFileReference; lastKnownFileType = file.xib; path = SectionHeader.xib; sourceTree = "<group>"; };
		D1FC94DD219D6F69000BE216 /* SectionFooter.swift */ = {isa = PBXFileReference; lastKnownFileType = sourcecode.swift; path = SectionFooter.swift; sourceTree = "<group>"; };
		D1FC94DF219D7016000BE216 /* SectionFooter.xib */ = {isa = PBXFileReference; lastKnownFileType = file.xib; path = SectionFooter.xib; sourceTree = "<group>"; };
		D1FD003021DCF96400E6D6E0 /* ArticleViewController.xib */ = {isa = PBXFileReference; lastKnownFileType = file.xib; path = ArticleViewController.xib; sourceTree = "<group>"; };
/* End PBXFileReference section */

/* Begin PBXFrameworksBuildPhase section */
		403F0C15213D02190098FFE2 /* Frameworks */ = {
			isa = PBXFrameworksBuildPhase;
			buildActionMask = 2147483647;
			files = (
				784ED4C257951FFC5E817AEB /* Pods_News.framework in Frameworks */,
			);
			runOnlyForDeploymentPostprocessing = 0;
		};
		D1B09F3B2164B88400AE53F3 /* Frameworks */ = {
			isa = PBXFrameworksBuildPhase;
			buildActionMask = 2147483647;
			files = (
			);
			runOnlyForDeploymentPostprocessing = 0;
		};
/* End PBXFrameworksBuildPhase section */

/* Begin PBXGroup section */
		1CFAD558667813896D34EA25 /* Pods */ = {
			isa = PBXGroup;
			children = (
				07F2B8C1DEA9B3A1823468A8 /* Pods-News.debug.xcconfig */,
				60688CF83DDEDC4C006EA48E /* Pods-News.release.xcconfig */,
			);
			name = Pods;
			sourceTree = "<group>";
		};
		403F0C0F213D02190098FFE2 = {
			isa = PBXGroup;
			children = (
				403F0C1A213D02190098FFE2 /* News */,
				D1B09F3F2164B88400AE53F3 /* NewsTests */,
				403F0C19213D02190098FFE2 /* Products */,
				1CFAD558667813896D34EA25 /* Pods */,
				EB37C122B4FA4B37AE5003A4 /* Frameworks */,
			);
			sourceTree = "<group>";
		};
		403F0C19213D02190098FFE2 /* Products */ = {
			isa = PBXGroup;
			children = (
				403F0C18213D02190098FFE2 /* News.app */,
				D1B09F3E2164B88400AE53F3 /* NewsTests.xctest */,
			);
			name = Products;
			sourceTree = "<group>";
		};
		403F0C1A213D02190098FFE2 /* News */ = {
			isa = PBXGroup;
			children = (
				D1EC4A1521D601D900146C84 /* Models */,
				403F0C33213D035A0098FFE2 /* Views */,
				40D6A7882142645D00878A45 /* Layout */,
				D19AD494219EC84E00E6073E /* DataSource & Delegate */,
				D1EC4A1321D6012A00146C84 /* Routers */,
				D1EC4A1421D6013F00146C84 /* ViewModels */,
				403F0C2F213D02ED0098FFE2 /* ViewControllers */,
				403F0C31213D03090098FFE2 /* Services */,
				40EF515B213E8EAE0018E75A /* Core Data */,
				403F0C32213D03140098FFE2 /* Storyboards */,
				40BC8C502147BD4800D4B1E6 /* Assets */,
				403F0C1B213D02190098FFE2 /* AppDelegate.swift */,
				403F0C27213D021C0098FFE2 /* Info.plist */,
				D1F0BCC921CB7EEF00113F83 /* Unused */,
			);
			path = News;
			sourceTree = "<group>";
		};
		403F0C2F213D02ED0098FFE2 /* ViewControllers */ = {
			isa = PBXGroup;
			children = (
				D1139FEB2195B6A600CD515D /* NewNewsTableViewController.swift */,
				D1F513D821DDE04F004FB0AF /* ArticleViewController */,
				40DC36832140F6EC000C599C /* WebViewController.swift */,
				D1F0BCCA21CB7EFD00113F83 /* ArticlePreviewViewController */,
			);
			path = ViewControllers;
			sourceTree = "<group>";
		};
		403F0C30213D02FD0098FFE2 /* Article */ = {
			isa = PBXGroup;
			children = (
				403F0C38213D0A420098FFE2 /* Article.swift */,
				403F0C3A213D0A6C0098FFE2 /* News.swift */,
			);
			path = Article;
			sourceTree = "<group>";
		};
		403F0C31213D03090098FFE2 /* Services */ = {
			isa = PBXGroup;
			children = (
				D1F0BCE321CE318400113F83 /* Protocols */,
				D1EC4A1221D4F72700146C84 /* Web */,
				40072455214008D9002171C2 /* NewsService.swift */,
				403F0C40213D613F0098FFE2 /* DateFormatService.swift */,
				D163B95921747B4200E9A009 /* SortService.swift */,
				D194EC6E21B7F44700872DBD /* PreviewService.swift */,
			);
			path = Services;
			sourceTree = "<group>";
		};
		403F0C32213D03140098FFE2 /* Storyboards */ = {
			isa = PBXGroup;
			children = (
				403F0C1F213D02190098FFE2 /* Main.storyboard */,
				403F0C24213D021C0098FFE2 /* LaunchScreen.storyboard */,
			);
			path = Storyboards;
			sourceTree = "<group>";
		};
		403F0C33213D035A0098FFE2 /* Views */ = {
			isa = PBXGroup;
			children = (
				D1F0BCCE21CB7FB900113F83 /* ArticlePreviewView */,
				D1FC94E2219D74C9000BE216 /* Cells */,
				D1FC94E1219D74AD000BE216 /* Sections */,
			);
			path = Views;
			sourceTree = "<group>";
		};
		40BC8C502147BD4800D4B1E6 /* Assets */ = {
			isa = PBXGroup;
			children = (
				403F0C22213D021C0098FFE2 /* Assets.xcassets */,
			);
			path = Assets;
			sourceTree = "<group>";
		};
		40D6A7882142645D00878A45 /* Layout */ = {
			isa = PBXGroup;
			children = (
				40D6A78921426B5900878A45 /* MosaicLayout.swift */,
			);
			path = Layout;
			sourceTree = "<group>";
		};
		40EF515B213E8EAE0018E75A /* Core Data */ = {
			isa = PBXGroup;
			children = (
				40EF515C213E8F0F0018E75A /* Model */,
				40EF515D213E8F170018E75A /* Services */,
			);
			path = "Core Data";
			sourceTree = "<group>";
		};
		40EF515C213E8F0F0018E75A /* Model */ = {
			isa = PBXGroup;
			children = (
				40EF5177213E949C0018E75A /* ArticleEntity+CoreDataClass.swift */,
				40EF5178213E949C0018E75A /* ArticleEntity+CoreDataProperties.swift */,
				40EF5170213E94100018E75A /* NewsDataModel.xcdatamodeld */,
			);
			path = Model;
			sourceTree = "<group>";
		};
		40EF515D213E8F170018E75A /* Services */ = {
			isa = PBXGroup;
			children = (
				40EF515E213E8F2A0018E75A /* CoreDataStack.swift */,
				40EF5160213E8F380018E75A /* CoreDataManager.swift */,
			);
			path = Services;
			sourceTree = "<group>";
		};
		D19AD494219EC84E00E6073E /* DataSource & Delegate */ = {
			isa = PBXGroup;
			children = (
				D1EC4A1021D4B50800146C84 /* DataSourceService.swift */,
				D19AD497219ECF8900E6073E /* NewsDataSource.swift */,
				D19AD495219ECF5F00E6073E /* NewsTableViewDelegate.swift */,
			);
			path = "DataSource & Delegate";
			sourceTree = "<group>";
		};
		D1B09F3F2164B88400AE53F3 /* NewsTests */ = {
			isa = PBXGroup;
			children = (
				D1B09F402164B88400AE53F3 /* NewsTests.swift */,
				D1B09F422164B88400AE53F3 /* Info.plist */,
			);
			path = NewsTests;
			sourceTree = "<group>";
		};
		D1EC4A1221D4F72700146C84 /* Web */ = {
			isa = PBXGroup;
			children = (
				403F0C3E213D0E2F0098FFE2 /* WebService.swift */,
				D1F0BCDD21CE12AB00113F83 /* StubService.swift */,
			);
			path = Web;
			sourceTree = "<group>";
		};
		D1EC4A1321D6012A00146C84 /* Routers */ = {
			isa = PBXGroup;
			children = (
				D1F0BCD221CCC45C00113F83 /* Router.swift */,
				D1F0BCD621CD1BA200113F83 /* NewsTableViewControllerRouter.swift */,
				D1F0BCCF21CBA15F00113F83 /* ArticleViewRouter.swift */,
			);
			path = Routers;
			sourceTree = "<group>";
		};
		D1EC4A1421D6013F00146C84 /* ViewModels */ = {
			isa = PBXGroup;
			children = (
				D1F0BCBF21C921C900113F83 /* NewNewsTableViewModel.swift */,
				D1F0BCC121CA29F800113F83 /* ArticleViewModel.swift */,
			);
			path = ViewModels;
			sourceTree = "<group>";
		};
		D1EC4A1521D601D900146C84 /* Models */ = {
			isa = PBXGroup;
			children = (
				D1F0BCE421CE319D00113F83 /* ArticleModel.swift */,
				D1AF83E7219AC11C003AD979 /* NewsObject.swift */,
				D1F0BCDC21CE128F00113F83 /* Stub */,
				403F0C30213D02FD0098FFE2 /* Article */,
			);
			path = Models;
			sourceTree = "<group>";
		};
		D1F0BCC921CB7EEF00113F83 /* Unused */ = {
			isa = PBXGroup;
			children = (
				40BC8C4E2147BB0900D4B1E6 /* NewsViewController.swift */,
				D1D971B3219080E90072D636 /* NewsTableViewController.swift */,
			);
			path = Unused;
			sourceTree = "<group>";
		};
		D1F0BCCA21CB7EFD00113F83 /* ArticlePreviewViewController */ = {
			isa = PBXGroup;
			children = (
				D1E3320121AE90D20016BB50 /* ArticlePreviewViewController.swift */,
				D1A0C5FB21B14E9200539C03 /* ArticlePreviewViewController.xib */,
			);
			path = ArticlePreviewViewController;
			sourceTree = "<group>";
		};
		D1F0BCCC21CB7F8A00113F83 /* For TableView */ = {
			isa = PBXGroup;
			children = (
				D1F0BCBB21C8F45800113F83 /* NewsCellViewModel.swift */,
				D1D971B5219083740072D636 /* TableNewsCell.swift */,
			);
			path = "For TableView";
			sourceTree = "<group>";
		};
		D1F0BCCD21CB7F9800113F83 /* For CollectionView */ = {
			isa = PBXGroup;
			children = (
				403F0C34213D03BA0098FFE2 /* NewsCell.swift */,
			);
			path = "For CollectionView";
			sourceTree = "<group>";
		};
		D1F0BCCE21CB7FB900113F83 /* ArticlePreviewView */ = {
			isa = PBXGroup;
			children = (
				D1E331FF21AD6A690016BB50 /* ArticlePreviewView.swift */,
				D193E89C21AD436B0076DD65 /* ArticlePreviewView.xib */,
			);
			path = ArticlePreviewView;
			sourceTree = "<group>";
		};
		D1F0BCDC21CE128F00113F83 /* Stub */ = {
			isa = PBXGroup;
			children = (
				D1F0BCD821CD228A00113F83 /* StubArticle.swift */,
			);
			path = Stub;
			sourceTree = "<group>";
		};
		D1F0BCE321CE318400113F83 /* Protocols */ = {
			isa = PBXGroup;
			children = (
				D1F0BCE621CE31A500113F83 /* NewsServiceProtocol.swift */,
			);
			path = Protocols;
			sourceTree = "<group>";
		};
		D1F513D821DDE04F004FB0AF /* ArticleViewController */ = {
			isa = PBXGroup;
			children = (
				403F0C36213D040E0098FFE2 /* ArticleViewController.swift */,
				D1FD003021DCF96400E6D6E0 /* ArticleViewController.xib */,
			);
			path = ArticleViewController;
			sourceTree = "<group>";
		};
		D1FC94DC219D6F4F000BE216 /* Xibs */ = {
			isa = PBXGroup;
			children = (
				D1FC94DA219D675C000BE216 /* SectionHeader.xib */,
				D1FC94DF219D7016000BE216 /* SectionFooter.xib */,
			);
			path = Xibs;
			sourceTree = "<group>";
		};
		D1FC94E1219D74AD000BE216 /* Sections */ = {
			isa = PBXGroup;
			children = (
				D1FC94D8219D6730000BE216 /* SectionHeader.swift */,
				D1FC94DD219D6F69000BE216 /* SectionFooter.swift */,
				D1FC94DC219D6F4F000BE216 /* Xibs */,
			);
			path = Sections;
			sourceTree = "<group>";
		};
		D1FC94E2219D74C9000BE216 /* Cells */ = {
			isa = PBXGroup;
			children = (
				D1F0BCCD21CB7F9800113F83 /* For CollectionView */,
				D1F0BCCC21CB7F8A00113F83 /* For TableView */,
			);
			path = Cells;
			sourceTree = "<group>";
		};
		EB37C122B4FA4B37AE5003A4 /* Frameworks */ = {
			isa = PBXGroup;
			children = (
				84ED085739B8A2DE94ABBAA0 /* Pods_News.framework */,
			);
			name = Frameworks;
			sourceTree = "<group>";
		};
/* End PBXGroup section */

/* Begin PBXNativeTarget section */
		403F0C17213D02190098FFE2 /* News */ = {
			isa = PBXNativeTarget;
			buildConfigurationList = 403F0C2A213D021C0098FFE2 /* Build configuration list for PBXNativeTarget "News" */;
			buildPhases = (
				CC9186F04BFE375AD19D58BE /* [CP] Check Pods Manifest.lock */,
				403F0C14213D02190098FFE2 /* Sources */,
				403F0C15213D02190098FFE2 /* Frameworks */,
				403F0C16213D02190098FFE2 /* Resources */,
				4F5B9D300086E329D8531879 /* [CP] Embed Pods Frameworks */,
				D1FD002F21DCD79200E6D6E0 /* Run Script */,
			);
			buildRules = (
			);
			dependencies = (
			);
			name = News;
			productName = News;
			productReference = 403F0C18213D02190098FFE2 /* News.app */;
			productType = "com.apple.product-type.application";
		};
		D1B09F3D2164B88400AE53F3 /* NewsTests */ = {
			isa = PBXNativeTarget;
			buildConfigurationList = D1B09F472164B88400AE53F3 /* Build configuration list for PBXNativeTarget "NewsTests" */;
			buildPhases = (
				D1B09F3A2164B88400AE53F3 /* Sources */,
				D1B09F3B2164B88400AE53F3 /* Frameworks */,
				D1B09F3C2164B88400AE53F3 /* Resources */,
			);
			buildRules = (
			);
			dependencies = (
				D1B09F442164B88400AE53F3 /* PBXTargetDependency */,
			);
			name = NewsTests;
			productName = NewsTests;
			productReference = D1B09F3E2164B88400AE53F3 /* NewsTests.xctest */;
			productType = "com.apple.product-type.bundle.unit-test";
		};
/* End PBXNativeTarget section */

/* Begin PBXProject section */
		403F0C10213D02190098FFE2 /* Project object */ = {
			isa = PBXProject;
			attributes = {
				LastSwiftUpdateCheck = 1000;
				LastUpgradeCheck = 0940;
				ORGANIZATIONNAME = "Dzmitry Bosak";
				TargetAttributes = {
					403F0C17213D02190098FFE2 = {
						CreatedOnToolsVersion = 9.4.1;
						LastSwiftMigration = 1000;
						SystemCapabilities = {
							com.apple.WAC = {
								enabled = 0;
							};
						};
					};
					D1B09F3D2164B88400AE53F3 = {
						CreatedOnToolsVersion = 10.0;
						TestTargetID = 403F0C17213D02190098FFE2;
					};
				};
			};
			buildConfigurationList = 403F0C13213D02190098FFE2 /* Build configuration list for PBXProject "News" */;
			compatibilityVersion = "Xcode 9.3";
			developmentRegion = en;
			hasScannedForEncodings = 0;
			knownRegions = (
				en,
				Base,
			);
			mainGroup = 403F0C0F213D02190098FFE2;
			productRefGroup = 403F0C19213D02190098FFE2 /* Products */;
			projectDirPath = "";
			projectRoot = "";
			targets = (
				403F0C17213D02190098FFE2 /* News */,
				D1B09F3D2164B88400AE53F3 /* NewsTests */,
			);
		};
/* End PBXProject section */

/* Begin PBXResourcesBuildPhase section */
		403F0C16213D02190098FFE2 /* Resources */ = {
			isa = PBXResourcesBuildPhase;
			buildActionMask = 2147483647;
			files = (
				D1FC94E0219D7016000BE216 /* SectionFooter.xib in Resources */,
				D1FC94DB219D675C000BE216 /* SectionHeader.xib in Resources */,
				D1A0C5FC21B14E9200539C03 /* ArticlePreviewViewController.xib in Resources */,
				403F0C26213D021C0098FFE2 /* LaunchScreen.storyboard in Resources */,
				403F0C23213D021C0098FFE2 /* Assets.xcassets in Resources */,
				D1FD003121DCF96400E6D6E0 /* ArticleViewController.xib in Resources */,
				D193E89D21AD436B0076DD65 /* ArticlePreviewView.xib in Resources */,
				403F0C21213D02190098FFE2 /* Main.storyboard in Resources */,
			);
			runOnlyForDeploymentPostprocessing = 0;
		};
		D1B09F3C2164B88400AE53F3 /* Resources */ = {
			isa = PBXResourcesBuildPhase;
			buildActionMask = 2147483647;
			files = (
			);
			runOnlyForDeploymentPostprocessing = 0;
		};
/* End PBXResourcesBuildPhase section */

/* Begin PBXShellScriptBuildPhase section */
		4F5B9D300086E329D8531879 /* [CP] Embed Pods Frameworks */ = {
			isa = PBXShellScriptBuildPhase;
			buildActionMask = 2147483647;
			files = (
			);
			inputPaths = (
				"${SRCROOT}/Pods/Target Support Files/Pods-News/Pods-News-frameworks.sh",
				"${BUILT_PRODUCTS_DIR}/Alamofire/Alamofire.framework",
				"${BUILT_PRODUCTS_DIR}/AlamofireImage/AlamofireImage.framework",
				"${BUILT_PRODUCTS_DIR}/ReactiveCocoa/ReactiveCocoa.framework",
				"${BUILT_PRODUCTS_DIR}/ReactiveSwift/ReactiveSwift.framework",
				"${BUILT_PRODUCTS_DIR}/Result/Result.framework",
			);
			name = "[CP] Embed Pods Frameworks";
			outputFileListPaths = (
			);
			outputPaths = (
				"${TARGET_BUILD_DIR}/${FRAMEWORKS_FOLDER_PATH}/Alamofire.framework",
				"${TARGET_BUILD_DIR}/${FRAMEWORKS_FOLDER_PATH}/AlamofireImage.framework",
				"${TARGET_BUILD_DIR}/${FRAMEWORKS_FOLDER_PATH}/ReactiveCocoa.framework",
				"${TARGET_BUILD_DIR}/${FRAMEWORKS_FOLDER_PATH}/ReactiveSwift.framework",
				"${TARGET_BUILD_DIR}/${FRAMEWORKS_FOLDER_PATH}/Result.framework",
			);
			runOnlyForDeploymentPostprocessing = 0;
			shellPath = /bin/sh;
			shellScript = "\"${SRCROOT}/Pods/Target Support Files/Pods-News/Pods-News-frameworks.sh\"\n";
			showEnvVarsInLog = 0;
		};
		CC9186F04BFE375AD19D58BE /* [CP] Check Pods Manifest.lock */ = {
			isa = PBXShellScriptBuildPhase;
			buildActionMask = 2147483647;
			files = (
			);
			inputPaths = (
				"${PODS_PODFILE_DIR_PATH}/Podfile.lock",
				"${PODS_ROOT}/Manifest.lock",
			);
			name = "[CP] Check Pods Manifest.lock";
			outputPaths = (
				"$(DERIVED_FILE_DIR)/Pods-News-checkManifestLockResult.txt",
			);
			runOnlyForDeploymentPostprocessing = 0;
			shellPath = /bin/sh;
			shellScript = "diff \"${PODS_PODFILE_DIR_PATH}/Podfile.lock\" \"${PODS_ROOT}/Manifest.lock\" > /dev/null\nif [ $? != 0 ] ; then\n    # print error to STDERR\n    echo \"error: The sandbox is not in sync with the Podfile.lock. Run 'pod install' or update your CocoaPods installation.\" >&2\n    exit 1\nfi\n# This output is used by Xcode 'outputs' to avoid re-running this script phase.\necho \"SUCCESS\" > \"${SCRIPT_OUTPUT_FILE_0}\"\n";
			showEnvVarsInLog = 0;
		};
		D1FD002F21DCD79200E6D6E0 /* Run Script */ = {
			isa = PBXShellScriptBuildPhase;
			buildActionMask = 2147483647;
			files = (
			);
			inputFileListPaths = (
			);
			inputPaths = (
			);
			name = "Run Script";
			outputFileListPaths = (
			);
			outputPaths = (
			);
			runOnlyForDeploymentPostprocessing = 0;
			shellPath = /bin/sh;
			shellScript = "# Type a script or drag a script file from your workspace to insert its path.\n";
		};
/* End PBXShellScriptBuildPhase section */

/* Begin PBXSourcesBuildPhase section */
		403F0C14213D02190098FFE2 /* Sources */ = {
			isa = PBXSourcesBuildPhase;
			buildActionMask = 2147483647;
			files = (
				40072456214008D9002171C2 /* NewsService.swift in Sources */,
				403F0C3B213D0A6C0098FFE2 /* News.swift in Sources */,
				D194EC6F21B7F44700872DBD /* PreviewService.swift in Sources */,
				D1E3320221AE90D20016BB50 /* ArticlePreviewViewController.swift in Sources */,
				D1D971B6219083740072D636 /* TableNewsCell.swift in Sources */,
				D1E3320021AD6A690016BB50 /* ArticlePreviewView.swift in Sources */,
				D1F0BCE521CE319D00113F83 /* ArticleModel.swift in Sources */,
				403F0C1C213D02190098FFE2 /* AppDelegate.swift in Sources */,
				D163B95A21747B4200E9A009 /* SortService.swift in Sources */,
				403F0C41213D613F0098FFE2 /* DateFormatService.swift in Sources */,
				403F0C3F213D0E2F0098FFE2 /* WebService.swift in Sources */,
				D1F0BCD321CCC45C00113F83 /* Router.swift in Sources */,
				D1F0BCDE21CE12AB00113F83 /* StubService.swift in Sources */,
				D1AF83E8219AC11C003AD979 /* NewsObject.swift in Sources */,
				403F0C35213D03BA0098FFE2 /* NewsCell.swift in Sources */,
				40EF515F213E8F2A0018E75A /* CoreDataStack.swift in Sources */,
				D1F0BCC221CA29F800113F83 /* ArticleViewModel.swift in Sources */,
				D1F0BCE721CE31A500113F83 /* NewsServiceProtocol.swift in Sources */,
				D1F0BCC021C921C900113F83 /* NewNewsTableViewModel.swift in Sources */,
				40EF5172213E94100018E75A /* NewsDataModel.xcdatamodeld in Sources */,
				D19AD498219ECF8900E6073E /* NewsDataSource.swift in Sources */,
				40BC8C4F2147BB0900D4B1E6 /* NewsViewController.swift in Sources */,
				40EF5179213E949C0018E75A /* ArticleEntity+CoreDataClass.swift in Sources */,
				D1D971B4219080EA0072D636 /* NewsTableViewController.swift in Sources */,
				40EF517A213E949C0018E75A /* ArticleEntity+CoreDataProperties.swift in Sources */,
				D1F0BCD021CBA15F00113F83 /* ArticleViewRouter.swift in Sources */,
				D1F0BCD721CD1BA200113F83 /* NewsTableViewControllerRouter.swift in Sources */,
				D1139FEC2195B6A600CD515D /* NewNewsTableViewController.swift in Sources */,
				D19AD496219ECF5F00E6073E /* NewsTableViewDelegate.swift in Sources */,
				D1EC4A1121D4B50800146C84 /* DataSourceService.swift in Sources */,
				403F0C37213D040E0098FFE2 /* ArticleViewController.swift in Sources */,
				D1FC94DE219D6F69000BE216 /* SectionFooter.swift in Sources */,
				D1F0BCBC21C8F45800113F83 /* NewsCellViewModel.swift in Sources */,
				D1F0BCD921CD228A00113F83 /* StubArticle.swift in Sources */,
				40DC36842140F6EC000C599C /* WebViewController.swift in Sources */,
				D1FC94D9219D6730000BE216 /* SectionHeader.swift in Sources */,
				403F0C39213D0A420098FFE2 /* Article.swift in Sources */,
				40D6A78A21426B5900878A45 /* MosaicLayout.swift in Sources */,
				40EF5161213E8F380018E75A /* CoreDataManager.swift in Sources */,
			);
			runOnlyForDeploymentPostprocessing = 0;
		};
		D1B09F3A2164B88400AE53F3 /* Sources */ = {
			isa = PBXSourcesBuildPhase;
			buildActionMask = 2147483647;
			files = (
				D1B09F412164B88400AE53F3 /* NewsTests.swift in Sources */,
			);
			runOnlyForDeploymentPostprocessing = 0;
		};
/* End PBXSourcesBuildPhase section */

/* Begin PBXTargetDependency section */
		D1B09F442164B88400AE53F3 /* PBXTargetDependency */ = {
			isa = PBXTargetDependency;
			target = 403F0C17213D02190098FFE2 /* News */;
			targetProxy = D1B09F432164B88400AE53F3 /* PBXContainerItemProxy */;
		};
/* End PBXTargetDependency section */

/* Begin PBXVariantGroup section */
		403F0C1F213D02190098FFE2 /* Main.storyboard */ = {
			isa = PBXVariantGroup;
			children = (
				403F0C20213D02190098FFE2 /* Base */,
			);
			name = Main.storyboard;
			sourceTree = "<group>";
		};
		403F0C24213D021C0098FFE2 /* LaunchScreen.storyboard */ = {
			isa = PBXVariantGroup;
			children = (
				403F0C25213D021C0098FFE2 /* Base */,
			);
			name = LaunchScreen.storyboard;
			sourceTree = "<group>";
		};
/* End PBXVariantGroup section */

/* Begin XCBuildConfiguration section */
		403F0C28213D021C0098FFE2 /* Debug */ = {
			isa = XCBuildConfiguration;
			buildSettings = {
				ALWAYS_SEARCH_USER_PATHS = NO;
				CLANG_ANALYZER_NONNULL = YES;
				CLANG_ANALYZER_NUMBER_OBJECT_CONVERSION = YES_AGGRESSIVE;
				CLANG_CXX_LANGUAGE_STANDARD = "gnu++14";
				CLANG_CXX_LIBRARY = "libc++";
				CLANG_ENABLE_MODULES = YES;
				CLANG_ENABLE_OBJC_ARC = YES;
				CLANG_ENABLE_OBJC_WEAK = YES;
				CLANG_WARN_BLOCK_CAPTURE_AUTORELEASING = YES;
				CLANG_WARN_BOOL_CONVERSION = YES;
				CLANG_WARN_COMMA = YES;
				CLANG_WARN_CONSTANT_CONVERSION = YES;
				CLANG_WARN_DEPRECATED_OBJC_IMPLEMENTATIONS = YES;
				CLANG_WARN_DIRECT_OBJC_ISA_USAGE = YES_ERROR;
				CLANG_WARN_DOCUMENTATION_COMMENTS = YES;
				CLANG_WARN_EMPTY_BODY = YES;
				CLANG_WARN_ENUM_CONVERSION = YES;
				CLANG_WARN_INFINITE_RECURSION = YES;
				CLANG_WARN_INT_CONVERSION = YES;
				CLANG_WARN_NON_LITERAL_NULL_CONVERSION = YES;
				CLANG_WARN_OBJC_IMPLICIT_RETAIN_SELF = YES;
				CLANG_WARN_OBJC_LITERAL_CONVERSION = YES;
				CLANG_WARN_OBJC_ROOT_CLASS = YES_ERROR;
				CLANG_WARN_RANGE_LOOP_ANALYSIS = YES;
				CLANG_WARN_STRICT_PROTOTYPES = YES;
				CLANG_WARN_SUSPICIOUS_MOVE = YES;
				CLANG_WARN_UNGUARDED_AVAILABILITY = YES_AGGRESSIVE;
				CLANG_WARN_UNREACHABLE_CODE = YES;
				CLANG_WARN__DUPLICATE_METHOD_MATCH = YES;
				CODE_SIGN_IDENTITY = "iPhone Developer";
				COPY_PHASE_STRIP = NO;
				DEBUG_INFORMATION_FORMAT = dwarf;
				ENABLE_STRICT_OBJC_MSGSEND = YES;
				ENABLE_TESTABILITY = YES;
				GCC_C_LANGUAGE_STANDARD = gnu11;
				GCC_DYNAMIC_NO_PIC = NO;
				GCC_NO_COMMON_BLOCKS = YES;
				GCC_OPTIMIZATION_LEVEL = 0;
				GCC_PREPROCESSOR_DEFINITIONS = (
					"DEBUG=1",
					"$(inherited)",
				);
				GCC_WARN_64_TO_32_BIT_CONVERSION = YES;
				GCC_WARN_ABOUT_RETURN_TYPE = YES_ERROR;
				GCC_WARN_UNDECLARED_SELECTOR = YES;
				GCC_WARN_UNINITIALIZED_AUTOS = YES_AGGRESSIVE;
				GCC_WARN_UNUSED_FUNCTION = YES;
				GCC_WARN_UNUSED_VARIABLE = YES;
				IPHONEOS_DEPLOYMENT_TARGET = 11.4;
				MTL_ENABLE_DEBUG_INFO = YES;
				ONLY_ACTIVE_ARCH = YES;
				SDKROOT = iphoneos;
				SWIFT_ACTIVE_COMPILATION_CONDITIONS = DEBUG;
				SWIFT_OPTIMIZATION_LEVEL = "-Onone";
			};
			name = Debug;
		};
		403F0C29213D021C0098FFE2 /* Release */ = {
			isa = XCBuildConfiguration;
			buildSettings = {
				ALWAYS_SEARCH_USER_PATHS = NO;
				CLANG_ANALYZER_NONNULL = YES;
				CLANG_ANALYZER_NUMBER_OBJECT_CONVERSION = YES_AGGRESSIVE;
				CLANG_CXX_LANGUAGE_STANDARD = "gnu++14";
				CLANG_CXX_LIBRARY = "libc++";
				CLANG_ENABLE_MODULES = YES;
				CLANG_ENABLE_OBJC_ARC = YES;
				CLANG_ENABLE_OBJC_WEAK = YES;
				CLANG_WARN_BLOCK_CAPTURE_AUTORELEASING = YES;
				CLANG_WARN_BOOL_CONVERSION = YES;
				CLANG_WARN_COMMA = YES;
				CLANG_WARN_CONSTANT_CONVERSION = YES;
				CLANG_WARN_DEPRECATED_OBJC_IMPLEMENTATIONS = YES;
				CLANG_WARN_DIRECT_OBJC_ISA_USAGE = YES_ERROR;
				CLANG_WARN_DOCUMENTATION_COMMENTS = YES;
				CLANG_WARN_EMPTY_BODY = YES;
				CLANG_WARN_ENUM_CONVERSION = YES;
				CLANG_WARN_INFINITE_RECURSION = YES;
				CLANG_WARN_INT_CONVERSION = YES;
				CLANG_WARN_NON_LITERAL_NULL_CONVERSION = YES;
				CLANG_WARN_OBJC_IMPLICIT_RETAIN_SELF = YES;
				CLANG_WARN_OBJC_LITERAL_CONVERSION = YES;
				CLANG_WARN_OBJC_ROOT_CLASS = YES_ERROR;
				CLANG_WARN_RANGE_LOOP_ANALYSIS = YES;
				CLANG_WARN_STRICT_PROTOTYPES = YES;
				CLANG_WARN_SUSPICIOUS_MOVE = YES;
				CLANG_WARN_UNGUARDED_AVAILABILITY = YES_AGGRESSIVE;
				CLANG_WARN_UNREACHABLE_CODE = YES;
				CLANG_WARN__DUPLICATE_METHOD_MATCH = YES;
				CODE_SIGN_IDENTITY = "iPhone Developer";
				COPY_PHASE_STRIP = NO;
				DEBUG_INFORMATION_FORMAT = "dwarf-with-dsym";
				ENABLE_NS_ASSERTIONS = NO;
				ENABLE_STRICT_OBJC_MSGSEND = YES;
				GCC_C_LANGUAGE_STANDARD = gnu11;
				GCC_NO_COMMON_BLOCKS = YES;
				GCC_WARN_64_TO_32_BIT_CONVERSION = YES;
				GCC_WARN_ABOUT_RETURN_TYPE = YES_ERROR;
				GCC_WARN_UNDECLARED_SELECTOR = YES;
				GCC_WARN_UNINITIALIZED_AUTOS = YES_AGGRESSIVE;
				GCC_WARN_UNUSED_FUNCTION = YES;
				GCC_WARN_UNUSED_VARIABLE = YES;
				IPHONEOS_DEPLOYMENT_TARGET = 11.4;
				MTL_ENABLE_DEBUG_INFO = NO;
				SDKROOT = iphoneos;
				SWIFT_COMPILATION_MODE = wholemodule;
				SWIFT_OPTIMIZATION_LEVEL = "-O";
				VALIDATE_PRODUCT = YES;
			};
			name = Release;
		};
		403F0C2B213D021C0098FFE2 /* Debug */ = {
			isa = XCBuildConfiguration;
			baseConfigurationReference = 07F2B8C1DEA9B3A1823468A8 /* Pods-News.debug.xcconfig */;
			buildSettings = {
				ASSETCATALOG_COMPILER_APPICON_NAME = AppIcon;
				CODE_SIGN_STYLE = Automatic;
				DEVELOPMENT_TEAM = 8972LWR885;
				INFOPLIST_FILE = News/Info.plist;
				LD_RUNPATH_SEARCH_PATHS = (
					"$(inherited)",
					"@executable_path/Frameworks",
				);
				PRODUCT_BUNDLE_IDENTIFIER = NewsAaapp;
				PRODUCT_NAME = "$(TARGET_NAME)";
				SWIFT_VERSION = 4.2;
				TARGETED_DEVICE_FAMILY = "1,2";
			};
			name = Debug;
		};
		403F0C2C213D021C0098FFE2 /* Release */ = {
			isa = XCBuildConfiguration;
			baseConfigurationReference = 60688CF83DDEDC4C006EA48E /* Pods-News.release.xcconfig */;
			buildSettings = {
				ASSETCATALOG_COMPILER_APPICON_NAME = AppIcon;
				CODE_SIGN_STYLE = Automatic;
				DEVELOPMENT_TEAM = 8972LWR885;
				INFOPLIST_FILE = News/Info.plist;
				LD_RUNPATH_SEARCH_PATHS = (
					"$(inherited)",
					"@executable_path/Frameworks",
				);
				PRODUCT_BUNDLE_IDENTIFIER = NewsAaapp;
				PRODUCT_NAME = "$(TARGET_NAME)";
				SWIFT_VERSION = 4.2;
				TARGETED_DEVICE_FAMILY = "1,2";
			};
			name = Release;
		};
		D1B09F452164B88400AE53F3 /* Debug */ = {
			isa = XCBuildConfiguration;
			buildSettings = {
				BUNDLE_LOADER = "$(TEST_HOST)";
				CODE_SIGN_STYLE = Automatic;
				DEVELOPMENT_TEAM = 8972LWR885;
				INFOPLIST_FILE = NewsTests/Info.plist;
				IPHONEOS_DEPLOYMENT_TARGET = 12.0;
				LD_RUNPATH_SEARCH_PATHS = (
					"$(inherited)",
					"@executable_path/Frameworks",
					"@loader_path/Frameworks",
				);
				MTL_ENABLE_DEBUG_INFO = INCLUDE_SOURCE;
				MTL_FAST_MATH = YES;
				PRODUCT_BUNDLE_IDENTIFIER = dzmitrybosak.NewsTests;
				PRODUCT_NAME = "$(TARGET_NAME)";
				SWIFT_VERSION = 4.2;
				TARGETED_DEVICE_FAMILY = "1,2";
				TEST_HOST = "$(BUILT_PRODUCTS_DIR)/News.app/News";
			};
			name = Debug;
		};
		D1B09F462164B88400AE53F3 /* Release */ = {
			isa = XCBuildConfiguration;
			buildSettings = {
				BUNDLE_LOADER = "$(TEST_HOST)";
				CODE_SIGN_STYLE = Automatic;
				DEVELOPMENT_TEAM = 8972LWR885;
				INFOPLIST_FILE = NewsTests/Info.plist;
				IPHONEOS_DEPLOYMENT_TARGET = 12.0;
				LD_RUNPATH_SEARCH_PATHS = (
					"$(inherited)",
					"@executable_path/Frameworks",
					"@loader_path/Frameworks",
				);
				MTL_FAST_MATH = YES;
				PRODUCT_BUNDLE_IDENTIFIER = dzmitrybosak.NewsTests;
				PRODUCT_NAME = "$(TARGET_NAME)";
				SWIFT_VERSION = 4.2;
				TARGETED_DEVICE_FAMILY = "1,2";
				TEST_HOST = "$(BUILT_PRODUCTS_DIR)/News.app/News";
			};
			name = Release;
		};
/* End XCBuildConfiguration section */

/* Begin XCConfigurationList section */
		403F0C13213D02190098FFE2 /* Build configuration list for PBXProject "News" */ = {
			isa = XCConfigurationList;
			buildConfigurations = (
				403F0C28213D021C0098FFE2 /* Debug */,
				403F0C29213D021C0098FFE2 /* Release */,
			);
			defaultConfigurationIsVisible = 0;
			defaultConfigurationName = Release;
		};
		403F0C2A213D021C0098FFE2 /* Build configuration list for PBXNativeTarget "News" */ = {
			isa = XCConfigurationList;
			buildConfigurations = (
				403F0C2B213D021C0098FFE2 /* Debug */,
				403F0C2C213D021C0098FFE2 /* Release */,
			);
			defaultConfigurationIsVisible = 0;
			defaultConfigurationName = Release;
		};
		D1B09F472164B88400AE53F3 /* Build configuration list for PBXNativeTarget "NewsTests" */ = {
			isa = XCConfigurationList;
			buildConfigurations = (
				D1B09F452164B88400AE53F3 /* Debug */,
				D1B09F462164B88400AE53F3 /* Release */,
			);
			defaultConfigurationIsVisible = 0;
			defaultConfigurationName = Release;
		};
/* End XCConfigurationList section */

/* Begin XCVersionGroup section */
		40EF5170213E94100018E75A /* NewsDataModel.xcdatamodeld */ = {
			isa = XCVersionGroup;
			children = (
				40EF5171213E94100018E75A /* NewsDataModel.xcdatamodel */,
			);
			currentVersion = 40EF5171213E94100018E75A /* NewsDataModel.xcdatamodel */;
			path = NewsDataModel.xcdatamodeld;
			sourceTree = "<group>";
			versionGroupType = wrapper.xcdatamodel;
		};
/* End XCVersionGroup section */
	};
	rootObject = 403F0C10213D02190098FFE2 /* Project object */;
}
